<?xml version="1.0" encoding="utf-8"?>
<Project ToolsVersion="4.0" xmlns="http://schemas.microsoft.com/developer/msbuild/2003">
  <ItemGroup>
    <Filter Include="Source Files">
      <UniqueIdentifier>{67b10a3e-1216-4627-aa5b-4b91d8343cdd}</UniqueIdentifier>
      <Extensions>cpp;c;cxx;rc;def;r;odl;idl;hpj;bat</Extensions>
    </Filter>
    <Filter Include="Header Files">
      <UniqueIdentifier>{2b950f99-6780-4548-af47-ad96e07ab2fc}</UniqueIdentifier>
      <Extensions>h;hpp;hxx;hm;inl</Extensions>
    </Filter>
    <Filter Include="Resource Files">
      <UniqueIdentifier>{43c9080d-c12d-4a41-a08c-901ee2107986}</UniqueIdentifier>
      <Extensions>ico;cur;bmp;dlg;rc2;rct;bin;rgs;gif;jpg;jpeg;jpe</Extensions>
    </Filter>
  </ItemGroup>
  <ItemGroup>
    <ClCompile Include="Annotation.cpp">
      <Filter>Source Files</Filter>
    </ClCompile>
    <ClCompile Include="AutoLog.cpp">
      <Filter>Source Files</Filter>
    </ClCompile>
    <ClCompile Include="BlockList.cpp">
      <Filter>Source Files</Filter>
    </ClCompile>
    <ClCompile Include="ChatConsole.cpp">
      <Filter>Source Files</Filter>
    </ClCompile>
    <ClCompile Include="ChatSocket.cpp">
      <Filter>Source Files</Filter>
    </ClCompile>
    <ClCompile Include="ChatWindow.cpp">
      <Filter>Source Files</Filter>
    </ClCompile>
    <ClCompile Include="dlgbars.cpp">
      <Filter>Source Files</Filter>
    </ClCompile>
    <ClCompile Include="Ignored.cpp">
      <Filter>Source Files</Filter>
    </ClCompile>
    <ClCompile Include="InputBox.cpp">
      <Filter>Source Files</Filter>
    </ClCompile>
    <ClCompile Include="Log.cpp">
      <Filter>Source Files</Filter>
    </ClCompile>
    <ClCompile Include="Magenta.cpp">
      <Filter>Source Files</Filter>
    </ClCompile>
    <ClCompile Include="mdlsmain.cpp">
      <Filter>Source Files</Filter>
    </ClCompile>
    <ClCompile Include="modeless.cpp">
      <Filter>Source Files</Filter>
    </ClCompile>
    <ClCompile Include="NameSlide.cpp">
      <Filter>Source Files</Filter>
    </ClCompile>
    <ClCompile Include="NewEditBox.cpp">
      <Filter>Source Files</Filter>
    </ClCompile>
    <ClCompile Include="NewListBox.cpp">
      <Filter>Source Files</Filter>
    </ClCompile>
    <ClCompile Include="Options.cpp">
      <Filter>Source Files</Filter>
    </ClCompile>
    <ClCompile Include="Person.cpp">
      <Filter>Source Files</Filter>
    </ClCompile>
    <ClCompile Include="PrivateChat.cpp">
      <Filter>Source Files</Filter>
    </ClCompile>
    <ClCompile Include="Search.cpp">
      <Filter>Source Files</Filter>
    </ClCompile>
    <ClCompile Include="StatusWindow.cpp">
      <Filter>Source Files</Filter>
    </ClCompile>
    <ClCompile Include="StdAfx.cpp">
      <Filter>Source Files</Filter>
    </ClCompile>
    <ClCompile Include="Tokenizer.cpp">
      <Filter>Source Files</Filter>
    </ClCompile>
    <ClCompile Include="UrlGrabber.cpp">
      <Filter>Source Files</Filter>
    </ClCompile>
  </ItemGroup>
  <ItemGroup>
    <ResourceCompile Include="Magenta.rc">
      <Filter>Source Files</Filter>
    </ResourceCompile>
  </ItemGroup>
  <ItemGroup>
    <ClInclude Include="Annotation.h">
      <Filter>Header Files</Filter>
    </ClInclude>
    <ClInclude Include="AutoLog.h">
      <Filter>Header Files</Filter>
    </ClInclude>
    <ClInclude Include="BlockList.h">
      <Filter>Header Files</Filter>
    </ClInclude>
    <ClInclude Include="ChatConsole.h">
      <Filter>Header Files</Filter>
    </ClInclude>
    <ClInclude Include="ChatSocket.h">
      <Filter>Header Files</Filter>
    </ClInclude>
    <ClInclude Include="ChatWindow.h">
      <Filter>Header Files</Filter>
    </ClInclude>
    <ClInclude Include="Constants.h">
      <Filter>Header Files</Filter>
    </ClInclude>
    <ClInclude Include="dlgbars.h">
      <Filter>Header Files</Filter>
    </ClInclude>
    <ClInclude Include="Ignored.h">
      <Filter>Header Files</Filter>
    </ClInclude>
    <ClInclude Include="InputBox.h">
      <Filter>Header Files</Filter>
    </ClInclude>
    <ClInclude Include="Log.h">
      <Filter>Header Files</Filter>
    </ClInclude>
    <ClInclude Include="Magenta.h">
      <Filter>Header Files</Filter>
    </ClInclude>
    <ClInclude Include="mdlsmain.h">
      <Filter>Header Files</Filter>
    </ClInclude>
    <ClInclude Include="modeless.h">
      <Filter>Header Files</Filter>
    </ClInclude>
    <ClInclude Include="NameSlide.h">
      <Filter>Header Files</Filter>
    </ClInclude>
    <ClInclude Include="NewEditBox.h">
      <Filter>Header Files</Filter>
    </ClInclude>
    <ClInclude Include="NewListBox.h">
      <Filter>Header Files</Filter>
    </ClInclude>
    <ClInclude Include="Options.h">
      <Filter>Header Files</Filter>
    </ClInclude>
    <ClInclude Include="Person.h">
      <Filter>Header Files</Filter>
    </ClInclude>
    <ClInclude Include="PrivateChat.h">
      <Filter>Header Files</Filter>
    </ClInclude>
    <ClInclude Include="Resource.h">
      <Filter>Header Files</Filter>
    </ClInclude>
    <ClInclude Include="Search.h">
      <Filter>Header Files</Filter>
    </ClInclude>
    <ClInclude Include="StatusWindow.h">
      <Filter>Header Files</Filter>
    </ClInclude>
    <ClInclude Include="StdAfx.h">
      <Filter>Header Files</Filter>
    </ClInclude>
    <ClInclude Include="Tokenizer.h">
      <Filter>Header Files</Filter>
    </ClInclude>
    <ClInclude Include="UrlGrabber.h">
      <Filter>Header Files</Filter>
    </ClInclude>
  </ItemGroup>
  <ItemGroup>
    <Image Include="res\Cyan.ico">
      <Filter>Resource Files</Filter>
    </Image>
    <Image Include="res\Guest.ico">
      <Filter>Resource Files</Filter>
    </Image>
    <Image Include="res\icon2.ico">
      <Filter>Resource Files</Filter>
    </Image>
    <Image Include="res\idr_mage.ico">
      <Filter>Resource Files</Filter>
    </Image>
    <Image Include="res\Magenta.ico">
      <Filter>Resource Files</Filter>
    </Image>
    <Image Include="res\Normal.ico">
      <Filter>Resource Files</Filter>
    </Image>
    <Image Include="res\setup.bmp">
      <Filter>Resource Files</Filter>
    </Image>
  </ItemGroup>
  <ItemGroup>
    <Manifest Include="Magenta.exe.manifest">
      <Filter>Resource Files</Filter>
    </Manifest>
  </ItemGroup>
  <ItemGroup>
    <None Include="res\Magenta.rc2">
      <Filter>Resource Files</Filter>
    </None>
  </ItemGroup>
  <ItemGroup>
    <Text Include="readme-src.txt" />
  </ItemGroup>
</Project>